
Microsoft Visual Studio Solution File, Format Version 12.00
# Visual Studio Version 17
VisualStudioVersion = 17.4.33213.308
MinimumVisualStudioVersion = 10.0.40219.1
Project("{FAE04EC0-301F-11D3-BF4B-00C04F79EFBC}") = "RomanNumbersCalculator", "RomanNumber\RomanNumbersCalculator.csproj", "{99A76FB0-7358-421B-9C6E-AE8D1167ED43}"
EndProject
Project("{FAE04EC0-301F-11D3-BF4B-00C04F79EFBC}") = "UITestsForRomanNumbersCalculator", "UITestsForRomanNumbersCalculator\UITestsForRomanNumbersCalculator.csproj", "{17396599-C5B2-47CD-A032-0CA157468B8C}"
EndProject
Global
	GlobalSection(SolutionConfigurationPlatforms) = preSolution
		Debug|Any CPU = Debug|Any CPU
		Release|Any CPU = Release|Any CPU
	EndGlobalSection
	GlobalSection(ProjectConfigurationPlatforms) = postSolution
		{99A76FB0-7358-421B-9C6E-AE8D1167ED43}.Debug|Any CPU.ActiveCfg = Debug|Any CPU
		{99A76FB0-7358-421B-9C6E-AE8D1167ED43}.Debug|Any CPU.Build.0 = Debug|Any CPU
		{99A76FB0-7358-421B-9C6E-AE8D1167ED43}.Release|Any CPU.ActiveCfg = Release|Any CPU
		{99A76FB0-7358-421B-9C6E-AE8D1167ED43}.Release|Any CPU.Build.0 = Release|Any CPU
		{17396599-C5B2-47CD-A032-0CA157468B8C}.Debug|Any CPU.ActiveCfg = Debug|Any CPU
		{17396599-C5B2-47CD-A032-0CA157468B8C}.Debug|Any CPU.Build.0 = Debug|Any CPU
		{17396599-C5B2-47CD-A032-0CA157468B8C}.Release|Any CPU.ActiveCfg = Release|Any CPU
		{17396599-C5B2-47CD-A032-0CA157468B8C}.Release|Any CPU.Build.0 = Release|Any CPU
	EndGlobalSection
	GlobalSection(SolutionProperties) = preSolution
		HideSolutionNode = FALSE
	EndGlobalSection
	GlobalSection(ExtensibilityGlobals) = postSolution
		SolutionGuid = {9DDBED99-D762-44B8-ADFD-F6BEF1E36A42}
	EndGlobalSection
EndGlobal
